hash: e1de59e390ce0ceba49620c0a04b7d9317fa0dcb655ab410d6f59cd85ded958a
updated: 2019-10-14T13:08:42.609232945+02:00
imports:
- name: github.com/energieip/common-components-go
  version: b39ae2645754420fb4db04476ebff10bad315273
  subpackages:
  - pkg/dblind
  - pkg/dgroup
  - pkg/dhvac
  - pkg/dled
  - pkg/dnanosense
  - pkg/dsensor
  - pkg/dswitch
  - pkg/duser
  - pkg/dwago
  - pkg/service
- name: github.com/romana/rlog
  version: f018bc92e7d71f27c04e04cbf008860416c21d01
- name: github.com/tarm/serial
  version: 98f6abe2eb07edd42f6dfa2a934aea469acc29b7
- name: golang.org/x/sys
  version: b09406accb4736d857a32bf9444cd7edae2ffa79
  subpackages:
  - unix
testImports: []
